
Microsoft Visual Studio Solution File, Format Version 12.00
# Visual Studio Version 16
VisualStudioVersion = 16.0.29806.167
MinimumVisualStudioVersion = 10.0.40219.1
Project("{FAE04EC0-301F-11D3-BF4B-00C04F79EFBC}") = "ConsoleApp33", "ConsoleApp33\ConsoleApp33.csproj", "{78101916-C224-4AC7-AAE7-CB3C69519A06}"
EndProject
Global
	GlobalSection(SolutionConfigurationPlatforms) = preSolution
		Debug|Any CPU = Debug|Any CPU
		Release|Any CPU = Release|Any CPU
	EndGlobalSection
	GlobalSection(ProjectConfigurationPlatforms) = postSolution
		{78101916-C224-4AC7-AAE7-CB3C69519A06}.Debug|Any CPU.ActiveCfg = Debug|Any CPU
		{78101916-C224-4AC7-AAE7-CB3C69519A06}.Debug|Any CPU.Build.0 = Debug|Any CPU
		{78101916-C224-4AC7-AAE7-CB3C69519A06}.Release|Any CPU.ActiveCfg = Release|Any CPU
		{78101916-C224-4AC7-AAE7-CB3C69519A06}.Release|Any CPU.Build.0 = Release|Any CPU
	EndGlobalSection
	GlobalSection(SolutionProperties) = preSolution
		HideSolutionNode = FALSE
	EndGlobalSection
	GlobalSection(ExtensibilityGlobals) = postSolution
		SolutionGuid = {51485473-9264-4593-82B6-E5466EBA74C1}
	EndGlobalSection
EndGlobal
