
Microsoft Visual Studio Solution File, Format Version 12.00
# Visual Studio Version 16
VisualStudioVersion = 16.0.29806.167
MinimumVisualStudioVersion = 10.0.40219.1
Project("{FAE04EC0-301F-11D3-BF4B-00C04F79EFBC}") = "ConsoleApp49", "ConsoleApp49\ConsoleApp49.csproj", "{00FAAE4E-E8BD-442B-914E-6DFA7DA2C3ED}"
EndProject
Global
	GlobalSection(SolutionConfigurationPlatforms) = preSolution
		Debug|Any CPU = Debug|Any CPU
		Release|Any CPU = Release|Any CPU
	EndGlobalSection
	GlobalSection(ProjectConfigurationPlatforms) = postSolution
		{00FAAE4E-E8BD-442B-914E-6DFA7DA2C3ED}.Debug|Any CPU.ActiveCfg = Debug|Any CPU
		{00FAAE4E-E8BD-442B-914E-6DFA7DA2C3ED}.Debug|Any CPU.Build.0 = Debug|Any CPU
		{00FAAE4E-E8BD-442B-914E-6DFA7DA2C3ED}.Release|Any CPU.ActiveCfg = Release|Any CPU
		{00FAAE4E-E8BD-442B-914E-6DFA7DA2C3ED}.Release|Any CPU.Build.0 = Release|Any CPU
	EndGlobalSection
	GlobalSection(SolutionProperties) = preSolution
		HideSolutionNode = FALSE
	EndGlobalSection
	GlobalSection(ExtensibilityGlobals) = postSolution
		SolutionGuid = {164B2E73-D88B-4ECA-ACD7-462C8EFE1173}
	EndGlobalSection
EndGlobal
