
Microsoft Visual Studio Solution File, Format Version 12.00
# Visual Studio Version 16
VisualStudioVersion = 16.0.29806.167
MinimumVisualStudioVersion = 10.0.40219.1
Project("{FAE04EC0-301F-11D3-BF4B-00C04F79EFBC}") = "ConsoleApp17", "ConsoleApp17\ConsoleApp17.csproj", "{4FB3CEF9-2EFB-4413-A248-9E4BA4E4BB84}"
EndProject
Global
	GlobalSection(SolutionConfigurationPlatforms) = preSolution
		Debug|Any CPU = Debug|Any CPU
		Release|Any CPU = Release|Any CPU
	EndGlobalSection
	GlobalSection(ProjectConfigurationPlatforms) = postSolution
		{4FB3CEF9-2EFB-4413-A248-9E4BA4E4BB84}.Debug|Any CPU.ActiveCfg = Debug|Any CPU
		{4FB3CEF9-2EFB-4413-A248-9E4BA4E4BB84}.Debug|Any CPU.Build.0 = Debug|Any CPU
		{4FB3CEF9-2EFB-4413-A248-9E4BA4E4BB84}.Release|Any CPU.ActiveCfg = Release|Any CPU
		{4FB3CEF9-2EFB-4413-A248-9E4BA4E4BB84}.Release|Any CPU.Build.0 = Release|Any CPU
	EndGlobalSection
	GlobalSection(SolutionProperties) = preSolution
		HideSolutionNode = FALSE
	EndGlobalSection
	GlobalSection(ExtensibilityGlobals) = postSolution
		SolutionGuid = {683FE3D4-EA5E-43DF-BC4D-F41F542CB1A0}
	EndGlobalSection
EndGlobal
